
Microsoft Visual Studio Solution File, Format Version 12.00
# Visual Studio Version 17
VisualStudioVersion = 17.14.36127.28 d17.14
MinimumVisualStudioVersion = 10.0.40219.1
Project("{FAE04EC0-301F-11D3-BF4B-00C04F79EFBC}") = "CoffeeEShop", "CoffeeEShop\CoffeeEShop.csproj", "{158F2AE7-B39C-4E4D-BAD5-EF3D8AA5AA46}"
EndProject
Global
	GlobalSection(SolutionConfigurationPlatforms) = preSolution
		Debug|Any CPU = Debug|Any CPU
		Release|Any CPU = Release|Any CPU
	EndGlobalSection
	GlobalSection(ProjectConfigurationPlatforms) = postSolution
		{158F2AE7-B39C-4E4D-BAD5-EF3D8AA5AA46}.Debug|Any CPU.ActiveCfg = Debug|Any CPU
		{158F2AE7-B39C-4E4D-BAD5-EF3D8AA5AA46}.Debug|Any CPU.Build.0 = Debug|Any CPU
		{158F2AE7-B39C-4E4D-BAD5-EF3D8AA5AA46}.Release|Any CPU.ActiveCfg = Release|Any CPU
		{158F2AE7-B39C-4E4D-BAD5-EF3D8AA5AA46}.Release|Any CPU.Build.0 = Release|Any CPU
	EndGlobalSection
	GlobalSection(SolutionProperties) = preSolution
		HideSolutionNode = FALSE
	EndGlobalSection
	GlobalSection(ExtensibilityGlobals) = postSolution
		SolutionGuid = {F41D7549-A4E5-4BCF-82F5-CF82899EF8C3}
	EndGlobalSection
EndGlobal
